{
  "lockfileVersion": 1,
  "workspaces": {
    "": {
      "dependencies": {
        "@bufbuild/buf": "^1.50.0",
        "typescript": "^5.7.3",
      },
      "devDependencies": {
        "@trunkio/launcher": "^1.3.4",
      },
    },
  },
  "packages": {
    "@bufbuild/buf": ["@bufbuild/buf@1.50.0", "", { "optionalDependencies": { "@bufbuild/buf-darwin-arm64": "1.50.0", "@bufbuild/buf-darwin-x64": "1.50.0", "@bufbuild/buf-linux-aarch64": "1.50.0", "@bufbuild/buf-linux-armv7": "1.50.0", "@bufbuild/buf-linux-x64": "1.50.0", "@bufbuild/buf-win32-arm64": "1.50.0", "@bufbuild/buf-win32-x64": "1.50.0" }, "bin": { "buf": "bin/buf", "protoc-gen-buf-breaking": "bin/protoc-gen-buf-breaking", "protoc-gen-buf-lint": "bin/protoc-gen-buf-lint" } }, "sha512-XcdB5/Ls8k1eVcgNwUsRZEhCqiHgsnN+uEk/aDh0urGeiWc/dN6c89ZnAnI9/v0AZWzp6/rowoZhThlTl+D0bw=="],

    "@bufbuild/buf-darwin-arm64": ["@bufbuild/buf-darwin-arm64@1.50.0", "", { "os": "darwin", "cpu": "arm64" }, "sha512-ldj1s0hMhZlz0N4+fqs9jGqC7jKAcsfLNp8kM+G+6XTPh8GWA/U1sYRdHhAlv1+3STfWhGxAhrNGRRVvvimALQ=="],

    "@bufbuild/buf-darwin-x64": ["@bufbuild/buf-darwin-x64@1.50.0", "", { "os": "darwin", "cpu": "x64" }, "sha512-0ODFAnDVr0UOIUHGrI3vA3Cycec186BP5PFOuW6bALxBVN52Lqjjj+/+bVhvbBQlYo3rkxOtxEdoWGHZJrHhHA=="],

    "@bufbuild/buf-linux-aarch64": ["@bufbuild/buf-linux-aarch64@1.50.0", "", { "os": "linux", "cpu": "arm64" }, "sha512-Dp0YzLOW7O+C8bAm6/Q2HSrTYpDs2SxQXx+dBNxUotMpzx+uaUvqXb3EGr7s07ro+FsT0sFjzKTBcuCwkj+guQ=="],

    "@bufbuild/buf-linux-armv7": ["@bufbuild/buf-linux-armv7@1.50.0", "", { "os": "linux", "cpu": "arm" }, "sha512-EMYRKSJ4kZo+OiHvMTYM+O27lf/okaf+bk1agRUTmBccp+qoGEC0R3DB/powFf/FURkUF7vKUS4T0GC/4n8OVA=="],

    "@bufbuild/buf-linux-x64": ["@bufbuild/buf-linux-x64@1.50.0", "", { "os": "linux", "cpu": "x64" }, "sha512-1G6ZQLXYoCXl8ZmCivUuknc6BiMz2bMtfpzYurFhj9wCIQTZsgepTBoiXHTcEdu2fjYAFxRGo4o+ZALU1umY0g=="],

    "@bufbuild/buf-win32-arm64": ["@bufbuild/buf-win32-arm64@1.50.0", "", { "os": "win32", "cpu": "arm64" }, "sha512-KpbI+f0TnGaa4KlPQXCLx8ZWKfO2pMD1kvVjAaktmm9OUoP9HrvZJ11tDEiFEFbrKbapCIhCCC3XWaldEDJWcA=="],

    "@bufbuild/buf-win32-x64": ["@bufbuild/buf-win32-x64@1.50.0", "", { "os": "win32", "cpu": "x64" }, "sha512-gA9aVuZYfh3pmWNYxmnK6thlcqyu2ht8haFhdB0w14Rtj200FAsMmzF7CPWvXQrV5g0pqXPwoMjZigT4OJHOXg=="],

    "@trunkio/launcher": ["@trunkio/launcher@1.3.4", "", { "dependencies": { "semver": "^7.5.4", "tar": "^6.2.0", "yaml": "^2.2.0" }, "bin": { "trunk": "trunk.js" } }, "sha512-4LCsFVvZtKht7EkbOq5gDsRLIBOH05ycNxm1Vrv+YzY+uOK2HueLBcLU8oejV9v01LTtWjfLJxonIgTSo7lwng=="],

    "chownr": ["chownr@2.0.0", "", {}, "sha512-bIomtDF5KGpdogkLd9VspvFzk9KfpyyGlS8YFVZl7TGPBHL5snIOnxeshwVgPteQ9b4Eydl+pVbIyE1DcvCWgQ=="],

    "fs-minipass": ["fs-minipass@2.1.0", "", { "dependencies": { "minipass": "^3.0.0" } }, "sha512-V/JgOLFCS+R6Vcq0slCuaeWEdNC3ouDlJMNIsacH2VtALiu9mV4LPrHc5cDl8k5aw6J8jwgWWpiTo5RYhmIzvg=="],

    "minipass": ["minipass@5.0.0", "", {}, "sha512-3FnjYuehv9k6ovOEbyOswadCDPX1piCfhV8ncmYtHOjuPwylVWsghTLo7rabjC3Rx5xD4HDx8Wm1xnMF7S5qFQ=="],

    "minizlib": ["minizlib@2.1.2", "", { "dependencies": { "minipass": "^3.0.0", "yallist": "^4.0.0" } }, "sha512-bAxsR8BVfj60DWXHE3u30oHzfl4G7khkSuPW+qvpd7jFRHm7dLxOjUk1EHACJ/hxLY8phGJ0YhYHZo7jil7Qdg=="],

    "mkdirp": ["mkdirp@1.0.4", "", { "bin": { "mkdirp": "bin/cmd.js" } }, "sha512-vVqVZQyf3WLx2Shd0qJ9xuvqgAyKPLAiqITEtqW0oIUjzo3PePDd6fW9iFz30ef7Ysp/oiWqbhszeGWW2T6Gzw=="],

    "semver": ["semver@7.7.1", "", { "bin": { "semver": "bin/semver.js" } }, "sha512-hlq8tAfn0m/61p4BVRcPzIGr6LKiMwo4VM6dGi6pt4qcRkmNzTcWq6eCEjEh+qXjkMDvPlOFFSGwQjoEa6gyMA=="],

    "tar": ["tar@6.2.1", "", { "dependencies": { "chownr": "^2.0.0", "fs-minipass": "^2.0.0", "minipass": "^5.0.0", "minizlib": "^2.1.1", "mkdirp": "^1.0.3", "yallist": "^4.0.0" } }, "sha512-DZ4yORTwrbTj/7MZYq2w+/ZFdI6OZ/f9SFHR+71gIVUZhOQPHzVCLpvRnPgyaMpfWxxk/4ONva3GQSyNIKRv6A=="],

    "typescript": ["typescript@5.7.3", "", { "bin": { "tsc": "bin/tsc", "tsserver": "bin/tsserver" } }, "sha512-84MVSjMEHP+FQRPy3pX9sTVV/INIex71s9TL2Gm5FG/WG1SqXeKyZ0k7/blY/4FdOzI12CBy1vGc4og/eus0fw=="],

    "yallist": ["yallist@4.0.0", "", {}, "sha512-3wdGidZyq5PB084XLES5TpOSRA3wjXAlIWMhum2kRcv/41Sn2emQ0dycQW4uZXLejwKvg6EsvbdlVL+FYEct7A=="],

    "yaml": ["yaml@2.7.0", "", { "bin": { "yaml": "bin.mjs" } }, "sha512-+hSoy/QHluxmC9kCIJyL/uyFmLmc+e5CFR5Wa+bpIhIj85LVb9ZH2nVnqrHoSvKogwODv0ClqZkmiSSaIH5LTA=="],

    "fs-minipass/minipass": ["minipass@3.3.6", "", { "dependencies": { "yallist": "^4.0.0" } }, "sha512-DxiNidxSEK+tHG6zOIklvNOwm3hvCrbUrdtzY74U6HKTJxvIDfOUL5W5P2Ghd3DTkhhKPYGqeNUIh5qcM4YBfw=="],

    "minizlib/minipass": ["minipass@3.3.6", "", { "dependencies": { "yallist": "^4.0.0" } }, "sha512-DxiNidxSEK+tHG6zOIklvNOwm3hvCrbUrdtzY74U6HKTJxvIDfOUL5W5P2Ghd3DTkhhKPYGqeNUIh5qcM4YBfw=="],
  }
}
